// !$*UTF8*$!
{
	archiveVersion = 1;
	classes = {
	};
	objectVersion = 55;
	objects = {

/* Begin PBXBuildFile section */
		7134EF0C51D1B72375D92F58 /* Pods_etico.framework in Frameworks */ = {isa = PBXBuildFile; fileRef = F4308657594FC7DC6865AEFF /* Pods_etico.framework */; };
		795C9EFF27772EEA00ABCB41 /* PasswordRecoverViewController.swift in Sources */ = {isa = PBXBuildFile; fileRef = 795C9EFE27772EEA00ABCB41 /* PasswordRecoverViewController.swift */; };
		795C9F012777910E00ABCB41 /* CircularImageView.swift in Sources */ = {isa = PBXBuildFile; fileRef = 795C9F002777910E00ABCB41 /* CircularImageView.swift */; };
		79BF82B9277538D30064F990 /* QRViewController.swift in Sources */ = {isa = PBXBuildFile; fileRef = 79BF82B8277538D30064F990 /* QRViewController.swift */; };
		79BF82BF277655510064F990 /* CustomAlertViewController.swift in Sources */ = {isa = PBXBuildFile; fileRef = 79BF82BE277655510064F990 /* CustomAlertViewController.swift */; };
		79C760A8276F87DB005BB737 /* AppDelegate.swift in Sources */ = {isa = PBXBuildFile; fileRef = 79C760A7276F87DB005BB737 /* AppDelegate.swift */; };
		79C760AA276F87DB005BB737 /* SceneDelegate.swift in Sources */ = {isa = PBXBuildFile; fileRef = 79C760A9276F87DB005BB737 /* SceneDelegate.swift */; };
		79C760AF276F87DB005BB737 /* Main.storyboard in Resources */ = {isa = PBXBuildFile; fileRef = 79C760AD276F87DB005BB737 /* Main.storyboard */; };
		79C760B1276F87DC005BB737 /* Assets.xcassets in Resources */ = {isa = PBXBuildFile; fileRef = 79C760B0276F87DC005BB737 /* Assets.xcassets */; };
		79C760B4276F87DC005BB737 /* LaunchScreen.storyboard in Resources */ = {isa = PBXBuildFile; fileRef = 79C760B2276F87DC005BB737 /* LaunchScreen.storyboard */; };
		79C760C827732C77005BB737 /* Networking Provider.swift in Sources */ = {isa = PBXBuildFile; fileRef = 79C760C727732C77005BB737 /* Networking Provider.swift */; };
		79C760CA27732F84005BB737 /* Login.swift in Sources */ = {isa = PBXBuildFile; fileRef = 79C760C927732F84005BB737 /* Login.swift */; };
		79C760CE2773324A005BB737 /* LoginViewController.swift in Sources */ = {isa = PBXBuildFile; fileRef = 79C760CD2773324A005BB737 /* LoginViewController.swift */; };
		79C760D0277336B1005BB737 /* User.swift in Sources */ = {isa = PBXBuildFile; fileRef = 79C760CF277336B1005BB737 /* User.swift */; };
		79C760D427737618005BB737 /* Constants.swift in Sources */ = {isa = PBXBuildFile; fileRef = 79C760D327737618005BB737 /* Constants.swift */; };
		79C760D6277377E9005BB737 /* EmployeesListViewController.swift in Sources */ = {isa = PBXBuildFile; fileRef = 79C760D5277377E9005BB737 /* EmployeesListViewController.swift */; };
		79C760D827737807005BB737 /* ProfileViewController.swift in Sources */ = {isa = PBXBuildFile; fileRef = 79C760D727737807005BB737 /* ProfileViewController.swift */; };
		79C760DA2774C0BC005BB737 /* Response.swift in Sources */ = {isa = PBXBuildFile; fileRef = 79C760D92774C0BC005BB737 /* Response.swift */; };
		79C760DC277502D2005BB737 /* EmployeeViewController.swift in Sources */ = {isa = PBXBuildFile; fileRef = 79C760DB277502D2005BB737 /* EmployeeViewController.swift */; };
		79C760DE27750C51005BB737 /* EditEmployeeViewController.swift in Sources */ = {isa = PBXBuildFile; fileRef = 79C760DD27750C51005BB737 /* EditEmployeeViewController.swift */; };
		79EC834F277F3BCD0010939D /* EmployeeTableViewCell.swift in Sources */ = {isa = PBXBuildFile; fileRef = 79EC834E277F3BCD0010939D /* EmployeeTableViewCell.swift */; };
/* End PBXBuildFile section */

/* Begin PBXFileReference section */
		795C9EFE27772EEA00ABCB41 /* PasswordRecoverViewController.swift */ = {isa = PBXFileReference; lastKnownFileType = sourcecode.swift; path = PasswordRecoverViewController.swift; sourceTree = "<group>"; };
		795C9F002777910E00ABCB41 /* CircularImageView.swift */ = {isa = PBXFileReference; lastKnownFileType = sourcecode.swift; path = CircularImageView.swift; sourceTree = "<group>"; };
		79BF82B8277538D30064F990 /* QRViewController.swift */ = {isa = PBXFileReference; lastKnownFileType = sourcecode.swift; path = QRViewController.swift; sourceTree = "<group>"; };
		79BF82BE277655510064F990 /* CustomAlertViewController.swift */ = {isa = PBXFileReference; lastKnownFileType = sourcecode.swift; path = CustomAlertViewController.swift; sourceTree = "<group>"; };
		79C760A4276F87DB005BB737 /* etico.app */ = {isa = PBXFileReference; explicitFileType = wrapper.application; includeInIndex = 0; path = etico.app; sourceTree = BUILT_PRODUCTS_DIR; };
		79C760A7276F87DB005BB737 /* AppDelegate.swift */ = {isa = PBXFileReference; lastKnownFileType = sourcecode.swift; path = AppDelegate.swift; sourceTree = "<group>"; };
		79C760A9276F87DB005BB737 /* SceneDelegate.swift */ = {isa = PBXFileReference; lastKnownFileType = sourcecode.swift; path = SceneDelegate.swift; sourceTree = "<group>"; };
		79C760AE276F87DB005BB737 /* Base */ = {isa = PBXFileReference; lastKnownFileType = file.storyboard; name = Base; path = Base.lproj/Main.storyboard; sourceTree = "<group>"; };
		79C760B0276F87DC005BB737 /* Assets.xcassets */ = {isa = PBXFileReference; lastKnownFileType = folder.assetcatalog; path = Assets.xcassets; sourceTree = "<group>"; };
		79C760B3276F87DC005BB737 /* Base */ = {isa = PBXFileReference; lastKnownFileType = file.storyboard; name = Base; path = Base.lproj/LaunchScreen.storyboard; sourceTree = "<group>"; };
		79C760B5276F87DC005BB737 /* Info.plist */ = {isa = PBXFileReference; lastKnownFileType = text.plist.xml; path = Info.plist; sourceTree = "<group>"; };
		79C760C727732C77005BB737 /* Networking Provider.swift */ = {isa = PBXFileReference; lastKnownFileType = sourcecode.swift; path = "Networking Provider.swift"; sourceTree = "<group>"; };
		79C760C927732F84005BB737 /* Login.swift */ = {isa = PBXFileReference; lastKnownFileType = sourcecode.swift; path = Login.swift; sourceTree = "<group>"; };
		79C760CD2773324A005BB737 /* LoginViewController.swift */ = {isa = PBXFileReference; lastKnownFileType = sourcecode.swift; path = LoginViewController.swift; sourceTree = "<group>"; };
		79C760CF277336B1005BB737 /* User.swift */ = {isa = PBXFileReference; lastKnownFileType = sourcecode.swift; path = User.swift; sourceTree = "<group>"; };
		79C760D327737618005BB737 /* Constants.swift */ = {isa = PBXFileReference; lastKnownFileType = sourcecode.swift; path = Constants.swift; sourceTree = "<group>"; };
		79C760D5277377E9005BB737 /* EmployeesListViewController.swift */ = {isa = PBXFileReference; lastKnownFileType = sourcecode.swift; path = EmployeesListViewController.swift; sourceTree = "<group>"; };
		79C760D727737807005BB737 /* ProfileViewController.swift */ = {isa = PBXFileReference; lastKnownFileType = sourcecode.swift; path = ProfileViewController.swift; sourceTree = "<group>"; };
		79C760D92774C0BC005BB737 /* Response.swift */ = {isa = PBXFileReference; lastKnownFileType = sourcecode.swift; path = Response.swift; sourceTree = "<group>"; };
		79C760DB277502D2005BB737 /* EmployeeViewController.swift */ = {isa = PBXFileReference; lastKnownFileType = sourcecode.swift; path = EmployeeViewController.swift; sourceTree = "<group>"; };
		79C760DD27750C51005BB737 /* EditEmployeeViewController.swift */ = {isa = PBXFileReference; lastKnownFileType = sourcecode.swift; path = EditEmployeeViewController.swift; sourceTree = "<group>"; };
		79EC834E277F3BCD0010939D /* EmployeeTableViewCell.swift */ = {isa = PBXFileReference; lastKnownFileType = sourcecode.swift; path = EmployeeTableViewCell.swift; sourceTree = "<group>"; };
		9E50F7E835781F29B330705E /* Pods-etico.release.xcconfig */ = {isa = PBXFileReference; includeInIndex = 1; lastKnownFileType = text.xcconfig; name = "Pods-etico.release.xcconfig"; path = "Target Support Files/Pods-etico/Pods-etico.release.xcconfig"; sourceTree = "<group>"; };
		D86E76F5EB5321AE41DCBAF8 /* Pods-etico.debug.xcconfig */ = {isa = PBXFileReference; includeInIndex = 1; lastKnownFileType = text.xcconfig; name = "Pods-etico.debug.xcconfig"; path = "Target Support Files/Pods-etico/Pods-etico.debug.xcconfig"; sourceTree = "<group>"; };
		F4308657594FC7DC6865AEFF /* Pods_etico.framework */ = {isa = PBXFileReference; explicitFileType = wrapper.framework; includeInIndex = 0; path = Pods_etico.framework; sourceTree = BUILT_PRODUCTS_DIR; };
/* End PBXFileReference section */

/* Begin PBXFrameworksBuildPhase section */
		79C760A1276F87DB005BB737 /* Frameworks */ = {
			isa = PBXFrameworksBuildPhase;
			buildActionMask = 2147483647;
			files = (
				7134EF0C51D1B72375D92F58 /* Pods_etico.framework in Frameworks */,
			);
			runOnlyForDeploymentPostprocessing = 0;
		};
/* End PBXFrameworksBuildPhase section */

/* Begin PBXGroup section */
		07084F639E76D52D3247EC6E /* Frameworks */ = {
			isa = PBXGroup;
			children = (
				F4308657594FC7DC6865AEFF /* Pods_etico.framework */,
			);
			name = Frameworks;
			sourceTree = "<group>";
		};
		3949805F207939EDAFC55213 /* Pods */ = {
			isa = PBXGroup;
			children = (
				D86E76F5EB5321AE41DCBAF8 /* Pods-etico.debug.xcconfig */,
				9E50F7E835781F29B330705E /* Pods-etico.release.xcconfig */,
			);
			path = Pods;
			sourceTree = "<group>";
		};
		79C7609B276F87DB005BB737 = {
			isa = PBXGroup;
			children = (
				79C760A6276F87DB005BB737 /* etico */,
				79C760A5276F87DB005BB737 /* Products */,
				3949805F207939EDAFC55213 /* Pods */,
				07084F639E76D52D3247EC6E /* Frameworks */,
			);
			sourceTree = "<group>";
		};
		79C760A5276F87DB005BB737 /* Products */ = {
			isa = PBXGroup;
			children = (
				79C760A4276F87DB005BB737 /* etico.app */,
			);
			name = Products;
			sourceTree = "<group>";
		};
		79C760A6276F87DB005BB737 /* etico */ = {
			isa = PBXGroup;
			children = (
				79C760C5277327DC005BB737 /* Views */,
				79C760C4277327D4005BB737 /* Controllers */,
				79C760C3277327C8005BB737 /* Networking */,
				79C760C2277327C2005BB737 /* Models */,
				79C760C1277327B2005BB737 /* Supporting Files */,
				79C760B0276F87DC005BB737 /* Assets.xcassets */,
			);
			path = etico;
			sourceTree = "<group>";
		};
		79C760C1277327B2005BB737 /* Supporting Files */ = {
			isa = PBXGroup;
			children = (
				79EC834D277F3BA00010939D /* System */,
				79EC834C277F3B9A0010939D /* Views */,
				79C760B5276F87DC005BB737 /* Info.plist */,
				79C760D327737618005BB737 /* Constants.swift */,
				795C9F002777910E00ABCB41 /* CircularImageView.swift */,
			);
			path = "Supporting Files";
			sourceTree = "<group>";
		};
		79C760C2277327C2005BB737 /* Models */ = {
			isa = PBXGroup;
			children = (
				79C760CF277336B1005BB737 /* User.swift */,
			);
			path = Models;
			sourceTree = "<group>";
		};
		79C760C3277327C8005BB737 /* Networking */ = {
			isa = PBXGroup;
			children = (
				79C760C727732C77005BB737 /* Networking Provider.swift */,
				79C760C62773282E005BB737 /* Data */,
			);
			path = Networking;
			sourceTree = "<group>";
		};
		79C760C4277327D4005BB737 /* Controllers */ = {
			isa = PBXGroup;
			children = (
				79C760CD2773324A005BB737 /* LoginViewController.swift */,
				79C760D5277377E9005BB737 /* EmployeesListViewController.swift */,
				79C760D727737807005BB737 /* ProfileViewController.swift */,
				79C760DB277502D2005BB737 /* EmployeeViewController.swift */,
				79C760DD27750C51005BB737 /* EditEmployeeViewController.swift */,
				79BF82B8277538D30064F990 /* QRViewController.swift */,
			);
			path = Controllers;
			sourceTree = "<group>";
		};
		79C760C5277327DC005BB737 /* Views */ = {
			isa = PBXGroup;
			children = (
				79C760AD276F87DB005BB737 /* Main.storyboard */,
				79C760B2276F87DC005BB737 /* LaunchScreen.storyboard */,
			);
			path = Views;
			sourceTree = "<group>";
		};
		79C760C62773282E005BB737 /* Data */ = {
			isa = PBXGroup;
			children = (
				79C760C927732F84005BB737 /* Login.swift */,
				79C760D92774C0BC005BB737 /* Response.swift */,
			);
			path = Data;
			sourceTree = "<group>";
		};
		79EC834C277F3B9A0010939D /* Views */ = {
			isa = PBXGroup;
			children = (
				79BF82BE277655510064F990 /* CustomAlertViewController.swift */,
				795C9EFE27772EEA00ABCB41 /* PasswordRecoverViewController.swift */,
				79EC834E277F3BCD0010939D /* EmployeeTableViewCell.swift */,
			);
			path = Views;
			sourceTree = "<group>";
		};
		79EC834D277F3BA00010939D /* System */ = {
			isa = PBXGroup;
			children = (
				79C760A7276F87DB005BB737 /* AppDelegate.swift */,
				79C760A9276F87DB005BB737 /* SceneDelegate.swift */,
			);
			path = System;
			sourceTree = "<group>";
		};
/* End PBXGroup section */

/* Begin PBXNativeTarget section */
		79C760A3276F87DB005BB737 /* etico */ = {
			isa = PBXNativeTarget;
			buildConfigurationList = 79C760B8276F87DC005BB737 /* Build configuration list for PBXNativeTarget "etico" */;
			buildPhases = (
				DA74B7FEC393BB42259BCA5D /* [CP] Check Pods Manifest.lock */,
				79C760A0276F87DB005BB737 /* Sources */,
				79C760A1276F87DB005BB737 /* Frameworks */,
				79C760A2276F87DB005BB737 /* Resources */,
				0624D6036B532BE7B0020240 /* [CP] Embed Pods Frameworks */,
			);
			buildRules = (
			);
			dependencies = (
			);
			name = etico;
			productName = etico;
			productReference = 79C760A4276F87DB005BB737 /* etico.app */;
			productType = "com.apple.product-type.application";
		};
/* End PBXNativeTarget section */

/* Begin PBXProject section */
		79C7609C276F87DB005BB737 /* Project object */ = {
			isa = PBXProject;
			attributes = {
				BuildIndependentTargetsInParallel = 1;
				LastSwiftUpdateCheck = 1310;
				LastUpgradeCheck = 1310;
				TargetAttributes = {
					79C760A3276F87DB005BB737 = {
						CreatedOnToolsVersion = 13.1;
					};
				};
			};
			buildConfigurationList = 79C7609F276F87DB005BB737 /* Build configuration list for PBXProject "etico" */;
			compatibilityVersion = "Xcode 13.0";
			developmentRegion = en;
			hasScannedForEncodings = 0;
			knownRegions = (
				en,
				Base,
			);
			mainGroup = 79C7609B276F87DB005BB737;
			productRefGroup = 79C760A5276F87DB005BB737 /* Products */;
			projectDirPath = "";
			projectRoot = "";
			targets = (
				79C760A3276F87DB005BB737 /* etico */,
			);
		};
/* End PBXProject section */

/* Begin PBXResourcesBuildPhase section */
		79C760A2276F87DB005BB737 /* Resources */ = {
			isa = PBXResourcesBuildPhase;
			buildActionMask = 2147483647;
			files = (
				79C760B4276F87DC005BB737 /* LaunchScreen.storyboard in Resources */,
				79C760B1276F87DC005BB737 /* Assets.xcassets in Resources */,
				79C760AF276F87DB005BB737 /* Main.storyboard in Resources */,
			);
			runOnlyForDeploymentPostprocessing = 0;
		};
/* End PBXResourcesBuildPhase section */

/* Begin PBXShellScriptBuildPhase section */
		0624D6036B532BE7B0020240 /* [CP] Embed Pods Frameworks */ = {
			isa = PBXShellScriptBuildPhase;
			buildActionMask = 2147483647;
			files = (
			);
			inputFileListPaths = (
				"${PODS_ROOT}/Target Support Files/Pods-etico/Pods-etico-frameworks-${CONFIGURATION}-input-files.xcfilelist",
			);
			name = "[CP] Embed Pods Frameworks";
			outputFileListPaths = (
				"${PODS_ROOT}/Target Support Files/Pods-etico/Pods-etico-frameworks-${CONFIGURATION}-output-files.xcfilelist",
			);
			runOnlyForDeploymentPostprocessing = 0;
			shellPath = /bin/sh;
			shellScript = "\"${PODS_ROOT}/Target Support Files/Pods-etico/Pods-etico-frameworks.sh\"\n";
			showEnvVarsInLog = 0;
		};
		DA74B7FEC393BB42259BCA5D /* [CP] Check Pods Manifest.lock */ = {
			isa = PBXShellScriptBuildPhase;
			buildActionMask = 2147483647;
			files = (
			);
			inputFileListPaths = (
			);
			inputPaths = (
				"${PODS_PODFILE_DIR_PATH}/Podfile.lock",
				"${PODS_ROOT}/Manifest.lock",
			);
			name = "[CP] Check Pods Manifest.lock";
			outputFileListPaths = (
			);
			outputPaths = (
				"$(DERIVED_FILE_DIR)/Pods-etico-checkManifestLockResult.txt",
			);
			runOnlyForDeploymentPostprocessing = 0;
			shellPath = /bin/sh;
			shellScript = "diff \"${PODS_PODFILE_DIR_PATH}/Podfile.lock\" \"${PODS_ROOT}/Manifest.lock\" > /dev/null\nif [ $? != 0 ] ; then\n    # print error to STDERR\n    echo \"error: The sandbox is not in sync with the Podfile.lock. Run 'pod install' or update your CocoaPods installation.\" >&2\n    exit 1\nfi\n# This output is used by Xcode 'outputs' to avoid re-running this script phase.\necho \"SUCCESS\" > \"${SCRIPT_OUTPUT_FILE_0}\"\n";
			showEnvVarsInLog = 0;
		};
/* End PBXShellScriptBuildPhase section */

/* Begin PBXSourcesBuildPhase section */
		79C760A0276F87DB005BB737 /* Sources */ = {
			isa = PBXSourcesBuildPhase;
			buildActionMask = 2147483647;
			files = (
				79C760D827737807005BB737 /* ProfileViewController.swift in Sources */,
				79EC834F277F3BCD0010939D /* EmployeeTableViewCell.swift in Sources */,
				795C9F012777910E00ABCB41 /* CircularImageView.swift in Sources */,
				795C9EFF27772EEA00ABCB41 /* PasswordRecoverViewController.swift in Sources */,
				79C760CE2773324A005BB737 /* LoginViewController.swift in Sources */,
				79BF82B9277538D30064F990 /* QRViewController.swift in Sources */,
				79C760CA27732F84005BB737 /* Login.swift in Sources */,
				79C760A8276F87DB005BB737 /* AppDelegate.swift in Sources */,
				79C760AA276F87DB005BB737 /* SceneDelegate.swift in Sources */,
				79C760DE27750C51005BB737 /* EditEmployeeViewController.swift in Sources */,
				79C760C827732C77005BB737 /* Networking Provider.swift in Sources */,
				79C760D6277377E9005BB737 /* EmployeesListViewController.swift in Sources */,
				79C760D0277336B1005BB737 /* User.swift in Sources */,
				79C760DA2774C0BC005BB737 /* Response.swift in Sources */,
				79C760DC277502D2005BB737 /* EmployeeViewController.swift in Sources */,
				79BF82BF277655510064F990 /* CustomAlertViewController.swift in Sources */,
				79C760D427737618005BB737 /* Constants.swift in Sources */,
			);
			runOnlyForDeploymentPostprocessing = 0;
		};
/* End PBXSourcesBuildPhase section */

/* Begin PBXVariantGroup section */
		79C760AD276F87DB005BB737 /* Main.storyboard */ = {
			isa = PBXVariantGroup;
			children = (
				79C760AE276F87DB005BB737 /* Base */,
			);
			name = Main.storyboard;
			sourceTree = "<group>";
		};
		79C760B2276F87DC005BB737 /* LaunchScreen.storyboard */ = {
			isa = PBXVariantGroup;
			children = (
				79C760B3276F87DC005BB737 /* Base */,
			);
			name = LaunchScreen.storyboard;
			sourceTree = "<group>";
		};
/* End PBXVariantGroup section */

/* Begin XCBuildConfiguration section */
		79C760B6276F87DC005BB737 /* Debug */ = {
			isa = XCBuildConfiguration;
			buildSettings = {
				ALWAYS_SEARCH_USER_PATHS = NO;
				CLANG_ANALYZER_NONNULL = YES;
				CLANG_ANALYZER_NUMBER_OBJECT_CONVERSION = YES_AGGRESSIVE;
				CLANG_CXX_LANGUAGE_STANDARD = "gnu++17";
				CLANG_CXX_LIBRARY = "libc++";
				CLANG_ENABLE_MODULES = YES;
				CLANG_ENABLE_OBJC_ARC = YES;
				CLANG_ENABLE_OBJC_WEAK = YES;
				CLANG_WARN_BLOCK_CAPTURE_AUTORELEASING = YES;
				CLANG_WARN_BOOL_CONVERSION = YES;
				CLANG_WARN_COMMA = YES;
				CLANG_WARN_CONSTANT_CONVERSION = YES;
				CLANG_WARN_DEPRECATED_OBJC_IMPLEMENTATIONS = YES;
				CLANG_WARN_DIRECT_OBJC_ISA_USAGE = YES_ERROR;
				CLANG_WARN_DOCUMENTATION_COMMENTS = YES;
				CLANG_WARN_EMPTY_BODY = YES;
				CLANG_WARN_ENUM_CONVERSION = YES;
				CLANG_WARN_INFINITE_RECURSION = YES;
				CLANG_WARN_INT_CONVERSION = YES;
				CLANG_WARN_NON_LITERAL_NULL_CONVERSION = YES;
				CLANG_WARN_OBJC_IMPLICIT_RETAIN_SELF = YES;
				CLANG_WARN_OBJC_LITERAL_CONVERSION = YES;
				CLANG_WARN_OBJC_ROOT_CLASS = YES_ERROR;
				CLANG_WARN_QUOTED_INCLUDE_IN_FRAMEWORK_HEADER = YES;
				CLANG_WARN_RANGE_LOOP_ANALYSIS = YES;
				CLANG_WARN_STRICT_PROTOTYPES = YES;
				CLANG_WARN_SUSPICIOUS_MOVE = YES;
				CLANG_WARN_UNGUARDED_AVAILABILITY = YES_AGGRESSIVE;
				CLANG_WARN_UNREACHABLE_CODE = YES;
				CLANG_WARN__DUPLICATE_METHOD_MATCH = YES;
				COPY_PHASE_STRIP = NO;
				DEBUG_INFORMATION_FORMAT = dwarf;
				ENABLE_STRICT_OBJC_MSGSEND = YES;
				ENABLE_TESTABILITY = YES;
				GCC_C_LANGUAGE_STANDARD = gnu11;
				GCC_DYNAMIC_NO_PIC = NO;
				GCC_NO_COMMON_BLOCKS = YES;
				GCC_OPTIMIZATION_LEVEL = 0;
				GCC_PREPROCESSOR_DEFINITIONS = (
					"DEBUG=1",
					"$(inherited)",
				);
				GCC_WARN_64_TO_32_BIT_CONVERSION = YES;
				GCC_WARN_ABOUT_RETURN_TYPE = YES_ERROR;
				GCC_WARN_UNDECLARED_SELECTOR = YES;
				GCC_WARN_UNINITIALIZED_AUTOS = YES_AGGRESSIVE;
				GCC_WARN_UNUSED_FUNCTION = YES;
				GCC_WARN_UNUSED_VARIABLE = YES;
				IPHONEOS_DEPLOYMENT_TARGET = 15.0;
				MTL_ENABLE_DEBUG_INFO = INCLUDE_SOURCE;
				MTL_FAST_MATH = YES;
				ONLY_ACTIVE_ARCH = YES;
				SDKROOT = iphoneos;
				SWIFT_ACTIVE_COMPILATION_CONDITIONS = DEBUG;
				SWIFT_OPTIMIZATION_LEVEL = "-Onone";
			};
			name = Debug;
		};
		79C760B7276F87DC005BB737 /* Release */ = {
			isa = XCBuildConfiguration;
			buildSettings = {
				ALWAYS_SEARCH_USER_PATHS = NO;
				CLANG_ANALYZER_NONNULL = YES;
				CLANG_ANALYZER_NUMBER_OBJECT_CONVERSION = YES_AGGRESSIVE;
				CLANG_CXX_LANGUAGE_STANDARD = "gnu++17";
				CLANG_CXX_LIBRARY = "libc++";
				CLANG_ENABLE_MODULES = YES;
				CLANG_ENABLE_OBJC_ARC = YES;
				CLANG_ENABLE_OBJC_WEAK = YES;
				CLANG_WARN_BLOCK_CAPTURE_AUTORELEASING = YES;
				CLANG_WARN_BOOL_CONVERSION = YES;
				CLANG_WARN_COMMA = YES;
				CLANG_WARN_CONSTANT_CONVERSION = YES;
				CLANG_WARN_DEPRECATED_OBJC_IMPLEMENTATIONS = YES;
				CLANG_WARN_DIRECT_OBJC_ISA_USAGE = YES_ERROR;
				CLANG_WARN_DOCUMENTATION_COMMENTS = YES;
				CLANG_WARN_EMPTY_BODY = YES;
				CLANG_WARN_ENUM_CONVERSION = YES;
				CLANG_WARN_INFINITE_RECURSION = YES;
				CLANG_WARN_INT_CONVERSION = YES;
				CLANG_WARN_NON_LITERAL_NULL_CONVERSION = YES;
				CLANG_WARN_OBJC_IMPLICIT_RETAIN_SELF = YES;
				CLANG_WARN_OBJC_LITERAL_CONVERSION = YES;
				CLANG_WARN_OBJC_ROOT_CLASS = YES_ERROR;
				CLANG_WARN_QUOTED_INCLUDE_IN_FRAMEWORK_HEADER = YES;
				CLANG_WARN_RANGE_LOOP_ANALYSIS = YES;
				CLANG_WARN_STRICT_PROTOTYPES = YES;
				CLANG_WARN_SUSPICIOUS_MOVE = YES;
				CLANG_WARN_UNGUARDED_AVAILABILITY = YES_AGGRESSIVE;
				CLANG_WARN_UNREACHABLE_CODE = YES;
				CLANG_WARN__DUPLICATE_METHOD_MATCH = YES;
				COPY_PHASE_STRIP = NO;
				DEBUG_INFORMATION_FORMAT = "dwarf-with-dsym";
				ENABLE_NS_ASSERTIONS = NO;
				ENABLE_STRICT_OBJC_MSGSEND = YES;
				GCC_C_LANGUAGE_STANDARD = gnu11;
				GCC_NO_COMMON_BLOCKS = YES;
				GCC_WARN_64_TO_32_BIT_CONVERSION = YES;
				GCC_WARN_ABOUT_RETURN_TYPE = YES_ERROR;
				GCC_WARN_UNDECLARED_SELECTOR = YES;
				GCC_WARN_UNINITIALIZED_AUTOS = YES_AGGRESSIVE;
				GCC_WARN_UNUSED_FUNCTION = YES;
				GCC_WARN_UNUSED_VARIABLE = YES;
				IPHONEOS_DEPLOYMENT_TARGET = 15.0;
				MTL_ENABLE_DEBUG_INFO = NO;
				MTL_FAST_MATH = YES;
				SDKROOT = iphoneos;
				SWIFT_COMPILATION_MODE = wholemodule;
				SWIFT_OPTIMIZATION_LEVEL = "-O";
				VALIDATE_PRODUCT = YES;
			};
			name = Release;
		};
		79C760B9276F87DC005BB737 /* Debug */ = {
			isa = XCBuildConfiguration;
			baseConfigurationReference = D86E76F5EB5321AE41DCBAF8 /* Pods-etico.debug.xcconfig */;
			buildSettings = {
				ASSETCATALOG_COMPILER_APPICON_NAME = AppIcon;
				ASSETCATALOG_COMPILER_GLOBAL_ACCENT_COLOR_NAME = AccentColor;
				CODE_SIGN_STYLE = Automatic;
				CURRENT_PROJECT_VERSION = 1;
				DEVELOPMENT_TEAM = 35YV6W556V;
				GENERATE_INFOPLIST_FILE = YES;
				INFOPLIST_FILE = "etico/Supporting Files/Info.plist";
				INFOPLIST_KEY_UIApplicationSupportsIndirectInputEvents = YES;
				INFOPLIST_KEY_UILaunchStoryboardName = LaunchScreen;
				INFOPLIST_KEY_UIMainStoryboardFile = Main;
				INFOPLIST_KEY_UISupportedInterfaceOrientations = UIInterfaceOrientationPortrait;
				INFOPLIST_KEY_UISupportedInterfaceOrientations_iPad = "UIInterfaceOrientationPortrait UIInterfaceOrientationPortraitUpsideDown UIInterfaceOrientationLandscapeLeft UIInterfaceOrientationLandscapeRight";
				INFOPLIST_KEY_UISupportedInterfaceOrientations_iPhone = "UIInterfaceOrientationPortrait UIInterfaceOrientationLandscapeLeft UIInterfaceOrientationLandscapeRight";
				LD_RUNPATH_SEARCH_PATHS = (
					"$(inherited)",
					"@executable_path/Frameworks",
				);
				MARKETING_VERSION = 1.0;
				PRODUCT_BUNDLE_IDENTIFIER = kurokiji.employees.etico;
				PRODUCT_NAME = "$(TARGET_NAME)";
				SWIFT_EMIT_LOC_STRINGS = YES;
				SWIFT_VERSION = 5.0;
				TARGETED_DEVICE_FAMILY = 1;
			};
			name = Debug;
		};
		79C760BA276F87DC005BB737 /* Release */ = {
			isa = XCBuildConfiguration;
			baseConfigurationReference = 9E50F7E835781F29B330705E /* Pods-etico.release.xcconfig */;
			buildSettings = {
				ASSETCATALOG_COMPILER_APPICON_NAME = AppIcon;
				ASSETCATALOG_COMPILER_GLOBAL_ACCENT_COLOR_NAME = AccentColor;
				CODE_SIGN_STYLE = Automatic;
				CURRENT_PROJECT_VERSION = 1;
				DEVELOPMENT_TEAM = 35YV6W556V;
				GENERATE_INFOPLIST_FILE = YES;
				INFOPLIST_FILE = "etico/Supporting Files/Info.plist";
				INFOPLIST_KEY_UIApplicationSupportsIndirectInputEvents = YES;
				INFOPLIST_KEY_UILaunchStoryboardName = LaunchScreen;
				INFOPLIST_KEY_UIMainStoryboardFile = Main;
				INFOPLIST_KEY_UISupportedInterfaceOrientations = UIInterfaceOrientationPortrait;
				INFOPLIST_KEY_UISupportedInterfaceOrientations_iPad = "UIInterfaceOrientationPortrait UIInterfaceOrientationPortraitUpsideDown UIInterfaceOrientationLandscapeLeft UIInterfaceOrientationLandscapeRight";
				INFOPLIST_KEY_UISupportedInterfaceOrientations_iPhone = "UIInterfaceOrientationPortrait UIInterfaceOrientationLandscapeLeft UIInterfaceOrientationLandscapeRight";
				LD_RUNPATH_SEARCH_PATHS = (
					"$(inherited)",
					"@executable_path/Frameworks",
				);
				MARKETING_VERSION = 1.0;
				PRODUCT_BUNDLE_IDENTIFIER = kurokiji.employees.etico;
				PRODUCT_NAME = "$(TARGET_NAME)";
				SWIFT_EMIT_LOC_STRINGS = YES;
				SWIFT_VERSION = 5.0;
				TARGETED_DEVICE_FAMILY = 1;
			};
			name = Release;
		};
/* End XCBuildConfiguration section */

/* Begin XCConfigurationList section */
		79C7609F276F87DB005BB737 /* Build configuration list for PBXProject "etico" */ = {
			isa = XCConfigurationList;
			buildConfigurations = (
				79C760B6276F87DC005BB737 /* Debug */,
				79C760B7276F87DC005BB737 /* Release */,
			);
			defaultConfigurationIsVisible = 0;
			defaultConfigurationName = Release;
		};
		79C760B8276F87DC005BB737 /* Build configuration list for PBXNativeTarget "etico" */ = {
			isa = XCConfigurationList;
			buildConfigurations = (
				79C760B9276F87DC005BB737 /* Debug */,
				79C760BA276F87DC005BB737 /* Release */,
			);
			defaultConfigurationIsVisible = 0;
			defaultConfigurationName = Release;
		};
/* End XCConfigurationList section */
	};
	rootObject = 79C7609C276F87DB005BB737 /* Project object */;
}
